
Microsoft Visual Studio Solution File, Format Version 12.00
# Visual Studio Version 17
VisualStudioVersion = 17.4.33213.308
MinimumVisualStudioVersion = 10.0.40219.1
Project("{F184B08F-C81C-45F6-A57F-5ABD9991F28F}") = "CopyFilesApp", "CopyFilesApp\CopyFilesApp.vbproj", "{7D342A8E-867D-41C8-A3F2-5A290EE729AF}"
EndProject
Global
	GlobalSection(SolutionConfigurationPlatforms) = preSolution
		Debug|Any CPU = Debug|Any CPU
		Release|Any CPU = Release|Any CPU
	EndGlobalSection
	GlobalSection(ProjectConfigurationPlatforms) = postSolution
		{7D342A8E-867D-41C8-A3F2-5A290EE729AF}.Debug|Any CPU.ActiveCfg = Debug|Any CPU
		{7D342A8E-867D-41C8-A3F2-5A290EE729AF}.Debug|Any CPU.Build.0 = Debug|Any CPU
		{7D342A8E-867D-41C8-A3F2-5A290EE729AF}.Release|Any CPU.ActiveCfg = Release|Any CPU
		{7D342A8E-867D-41C8-A3F2-5A290EE729AF}.Release|Any CPU.Build.0 = Release|Any CPU
	EndGlobalSection
	GlobalSection(SolutionProperties) = preSolution
		HideSolutionNode = FALSE
	EndGlobalSection
	GlobalSection(ExtensibilityGlobals) = postSolution
		SolutionGuid = {B8B5625F-33A2-4B49-A1D5-3C78DAE0B225}
	EndGlobalSection
EndGlobal
